
Microsoft Visual Studio Solution File, Format Version 12.00
# Visual Studio 15
VisualStudioVersion = 15.0.26403.0
MinimumVisualStudioVersion = 10.0.40219.1
Project("{FAE04EC0-301F-11D3-BF4B-00C04F79EFBC}") = "GeneriranjeBremena", "GeneriranjeBremena\GeneriranjeBremena.csproj", "{B151BFC1-F47B-4B54-84D7-564FC2E85845}"
EndProject
Global
	GlobalSection(SolutionConfigurationPlatforms) = preSolution
		Debug|Any CPU = Debug|Any CPU
		Release|Any CPU = Release|Any CPU
	EndGlobalSection
	GlobalSection(ProjectConfigurationPlatforms) = postSolution
		{B151BFC1-F47B-4B54-84D7-564FC2E85845}.Debug|Any CPU.ActiveCfg = Debug|Any CPU
		{B151BFC1-F47B-4B54-84D7-564FC2E85845}.Debug|Any CPU.Build.0 = Debug|Any CPU
		{B151BFC1-F47B-4B54-84D7-564FC2E85845}.Release|Any CPU.ActiveCfg = Release|Any CPU
		{B151BFC1-F47B-4B54-84D7-564FC2E85845}.Release|Any CPU.Build.0 = Release|Any CPU
	EndGlobalSection
	GlobalSection(SolutionProperties) = preSolution
		HideSolutionNode = FALSE
	EndGlobalSection
EndGlobal
